
Microsoft Visual Studio Solution File, Format Version 12.00
# Visual Studio Version 16
VisualStudioVersion = 16.0.29613.14
MinimumVisualStudioVersion = 10.0.40219.1
Project("{2150E333-8FDC-42A3-9474-1A3956D46DE8}") = "src", "src", "{B43579BE-C0C2-44F0-8808-99100944288C}"
EndProject
Project("{FAE04EC0-301F-11D3-BF4B-00C04F79EFBC}") = "Poc-NoSql", "src\Poc-NoSql\Poc-NoSql.csproj", "{7C8511C5-B9C1-4498-8548-9D7AC55D9C63}"
EndProject
Project("{E53339B2-1760-4266-BCC7-CA923CBCF16C}") = "docker-compose", "docker-compose.dcproj", "{55F0FDCD-586F-4C6F-88E1-B4C44964959D}"
EndProject
Global
	GlobalSection(SolutionConfigurationPlatforms) = preSolution
		Debug|Any CPU = Debug|Any CPU
		Release|Any CPU = Release|Any CPU
	EndGlobalSection
	GlobalSection(ProjectConfigurationPlatforms) = postSolution
		{7C8511C5-B9C1-4498-8548-9D7AC55D9C63}.Debug|Any CPU.ActiveCfg = Debug|Any CPU
		{7C8511C5-B9C1-4498-8548-9D7AC55D9C63}.Debug|Any CPU.Build.0 = Debug|Any CPU
		{7C8511C5-B9C1-4498-8548-9D7AC55D9C63}.Release|Any CPU.ActiveCfg = Release|Any CPU
		{7C8511C5-B9C1-4498-8548-9D7AC55D9C63}.Release|Any CPU.Build.0 = Release|Any CPU
		{55F0FDCD-586F-4C6F-88E1-B4C44964959D}.Debug|Any CPU.ActiveCfg = Debug|Any CPU
		{55F0FDCD-586F-4C6F-88E1-B4C44964959D}.Debug|Any CPU.Build.0 = Debug|Any CPU
		{55F0FDCD-586F-4C6F-88E1-B4C44964959D}.Release|Any CPU.ActiveCfg = Release|Any CPU
		{55F0FDCD-586F-4C6F-88E1-B4C44964959D}.Release|Any CPU.Build.0 = Release|Any CPU
	EndGlobalSection
	GlobalSection(SolutionProperties) = preSolution
		HideSolutionNode = FALSE
	EndGlobalSection
	GlobalSection(NestedProjects) = preSolution
		{7C8511C5-B9C1-4498-8548-9D7AC55D9C63} = {B43579BE-C0C2-44F0-8808-99100944288C}
	EndGlobalSection
	GlobalSection(ExtensibilityGlobals) = postSolution
		SolutionGuid = {E2D33283-1D90-456C-B3EB-CEE2F68AC883}
	EndGlobalSection
EndGlobal
